{
  "name": "@dorilama/byos",
  "version": "0.0.0",
  "lockfileVersion": 3,
  "requires": true,
  "packages": {
    "": {
      "name": "@dorilama/byos",
      "version": "0.0.0",
      "license": "ISC",
      "devDependencies": {
        "usignal": "^0.9.0"
      }
    },
    "node_modules/usignal": {
      "version": "0.9.0",
      "resolved": "https://registry.npmjs.org/usignal/-/usignal-0.9.0.tgz",
      "integrity": "sha512-/6/dn+4qKE9MN3k5W76VzMDr5cMPNLswvOR6lHFttTADvf6TB/uhGmSOQpFAxcugTzSwG4vX5NiNEqkiFfzDlg==",
      "dev": true,
      "license": "ISC"
    }
  }
}
